
Microsoft Visual Studio Solution File, Format Version 12.00
Project("{FAE04EC0-301F-11D3-BF4B-00C04F79EFBC}") = "Hashiwokakero", "Hashiwokakero\Hashiwokakero.csproj", "{2D6BE7AC-F184-4C9A-9DCE-9F4DC7EED092}"
EndProject
Project("{FAE04EC0-301F-11D3-BF4B-00C04F79EFBC}") = "Test", "Test\Test.csproj", "{CEE5714C-7C5C-4FA6-92F8-BB1BFE53A00B}"
EndProject
Global
	GlobalSection(SolutionConfigurationPlatforms) = preSolution
		Debug|Any CPU = Debug|Any CPU
		Release|Any CPU = Release|Any CPU
	EndGlobalSection
	GlobalSection(ProjectConfigurationPlatforms) = postSolution
		{2D6BE7AC-F184-4C9A-9DCE-9F4DC7EED092}.Debug|Any CPU.ActiveCfg = Debug|Any CPU
		{2D6BE7AC-F184-4C9A-9DCE-9F4DC7EED092}.Debug|Any CPU.Build.0 = Debug|Any CPU
		{2D6BE7AC-F184-4C9A-9DCE-9F4DC7EED092}.Release|Any CPU.ActiveCfg = Release|Any CPU
		{2D6BE7AC-F184-4C9A-9DCE-9F4DC7EED092}.Release|Any CPU.Build.0 = Release|Any CPU
		{CEE5714C-7C5C-4FA6-92F8-BB1BFE53A00B}.Debug|Any CPU.ActiveCfg = Debug|Any CPU
		{CEE5714C-7C5C-4FA6-92F8-BB1BFE53A00B}.Debug|Any CPU.Build.0 = Debug|Any CPU
		{CEE5714C-7C5C-4FA6-92F8-BB1BFE53A00B}.Release|Any CPU.ActiveCfg = Release|Any CPU
		{CEE5714C-7C5C-4FA6-92F8-BB1BFE53A00B}.Release|Any CPU.Build.0 = Release|Any CPU
	EndGlobalSection
EndGlobal
